
Microsoft Visual Studio Solution File, Format Version 12.00
# Visual Studio Version 17
VisualStudioVersion = 17.7.34009.444
MinimumVisualStudioVersion = 10.0.40219.1
Project("{FAE04EC0-301F-11D3-BF4B-00C04F79EFBC}") = "purrfectpawsApi2", "purrfectpawsApi2\purrfectpawsApi2.csproj", "{894EC44B-4FB6-40E4-B2DF-7D374095841F}"
EndProject
Global
	GlobalSection(SolutionConfigurationPlatforms) = preSolution
		Debug|Any CPU = Debug|Any CPU
		Release|Any CPU = Release|Any CPU
	EndGlobalSection
	GlobalSection(ProjectConfigurationPlatforms) = postSolution
		{894EC44B-4FB6-40E4-B2DF-7D374095841F}.Debug|Any CPU.ActiveCfg = Debug|Any CPU
		{894EC44B-4FB6-40E4-B2DF-7D374095841F}.Debug|Any CPU.Build.0 = Debug|Any CPU
		{894EC44B-4FB6-40E4-B2DF-7D374095841F}.Release|Any CPU.ActiveCfg = Release|Any CPU
		{894EC44B-4FB6-40E4-B2DF-7D374095841F}.Release|Any CPU.Build.0 = Release|Any CPU
	EndGlobalSection
	GlobalSection(SolutionProperties) = preSolution
		HideSolutionNode = FALSE
	EndGlobalSection
	GlobalSection(ExtensibilityGlobals) = postSolution
		SolutionGuid = {37DE7C70-43F2-4900-9ED0-483DDB70A5B0}
	EndGlobalSection
EndGlobal
